
Microsoft Visual Studio Solution File, Format Version 12.00
# Visual Studio Version 16
VisualStudioVersion = 16.0.29709.97
MinimumVisualStudioVersion = 10.0.40219.1
Project("{2150E333-8FDC-42A3-9474-1A3956D46DE8}") = "src", "src", "{8DD2FFD1-5B44-43B4-80C8-E7FC45632579}"
EndProject
Project("{2150E333-8FDC-42A3-9474-1A3956D46DE8}") = "tests", "tests", "{BC454D0D-37CD-406E-A879-DEA37F025382}"
EndProject
Project("{9A19103F-16F7-4668-BE54-9A1E7A4F7556}") = "WebApi", "Host\WebApi.csproj", "{DCE2A6FA-E4C7-430E-A6F6-99FB021397E6}"
EndProject
Project("{9A19103F-16F7-4668-BE54-9A1E7A4F7556}") = "Contracts", "Contracts\Contracts.csproj", "{224F23F1-5436-4CB9-AD6D-B2502BC9E9B0}"
EndProject
Project("{9A19103F-16F7-4668-BE54-9A1E7A4F7556}") = "DataAccessLayer", "DataAccessLayer\DataAccessLayer.csproj", "{DF40CEC0-2DBC-41DB-9221-D6830D361A5A}"
EndProject
Project("{9A19103F-16F7-4668-BE54-9A1E7A4F7556}") = "Business", "Services\CustomerService\Business.csproj", "{483AC325-3F99-4A6D-9FC4-D6CCF172AD81}"
EndProject
Project("{FAE04EC0-301F-11D3-BF4B-00C04F79EFBC}") = "Domain", "Domain\Domain.csproj", "{AE9810DD-99BA-48ED-833C-E565BA0599C8}"
EndProject
Global
	GlobalSection(SolutionConfigurationPlatforms) = preSolution
		Debug|Any CPU = Debug|Any CPU
		Release|Any CPU = Release|Any CPU
	EndGlobalSection
	GlobalSection(ProjectConfigurationPlatforms) = postSolution
		{DCE2A6FA-E4C7-430E-A6F6-99FB021397E6}.Debug|Any CPU.ActiveCfg = Debug|Any CPU
		{DCE2A6FA-E4C7-430E-A6F6-99FB021397E6}.Debug|Any CPU.Build.0 = Debug|Any CPU
		{DCE2A6FA-E4C7-430E-A6F6-99FB021397E6}.Release|Any CPU.ActiveCfg = Release|Any CPU
		{DCE2A6FA-E4C7-430E-A6F6-99FB021397E6}.Release|Any CPU.Build.0 = Release|Any CPU
		{224F23F1-5436-4CB9-AD6D-B2502BC9E9B0}.Debug|Any CPU.ActiveCfg = Debug|Any CPU
		{224F23F1-5436-4CB9-AD6D-B2502BC9E9B0}.Debug|Any CPU.Build.0 = Debug|Any CPU
		{224F23F1-5436-4CB9-AD6D-B2502BC9E9B0}.Release|Any CPU.ActiveCfg = Release|Any CPU
		{224F23F1-5436-4CB9-AD6D-B2502BC9E9B0}.Release|Any CPU.Build.0 = Release|Any CPU
		{DF40CEC0-2DBC-41DB-9221-D6830D361A5A}.Debug|Any CPU.ActiveCfg = Debug|Any CPU
		{DF40CEC0-2DBC-41DB-9221-D6830D361A5A}.Debug|Any CPU.Build.0 = Debug|Any CPU
		{DF40CEC0-2DBC-41DB-9221-D6830D361A5A}.Release|Any CPU.ActiveCfg = Release|Any CPU
		{DF40CEC0-2DBC-41DB-9221-D6830D361A5A}.Release|Any CPU.Build.0 = Release|Any CPU
		{483AC325-3F99-4A6D-9FC4-D6CCF172AD81}.Debug|Any CPU.ActiveCfg = Debug|Any CPU
		{483AC325-3F99-4A6D-9FC4-D6CCF172AD81}.Debug|Any CPU.Build.0 = Debug|Any CPU
		{483AC325-3F99-4A6D-9FC4-D6CCF172AD81}.Release|Any CPU.ActiveCfg = Release|Any CPU
		{483AC325-3F99-4A6D-9FC4-D6CCF172AD81}.Release|Any CPU.Build.0 = Release|Any CPU
		{AE9810DD-99BA-48ED-833C-E565BA0599C8}.Debug|Any CPU.ActiveCfg = Debug|Any CPU
		{AE9810DD-99BA-48ED-833C-E565BA0599C8}.Debug|Any CPU.Build.0 = Debug|Any CPU
		{AE9810DD-99BA-48ED-833C-E565BA0599C8}.Release|Any CPU.ActiveCfg = Release|Any CPU
		{AE9810DD-99BA-48ED-833C-E565BA0599C8}.Release|Any CPU.Build.0 = Release|Any CPU
	EndGlobalSection
	GlobalSection(SolutionProperties) = preSolution
		HideSolutionNode = FALSE
	EndGlobalSection
	GlobalSection(NestedProjects) = preSolution
		{DCE2A6FA-E4C7-430E-A6F6-99FB021397E6} = {8DD2FFD1-5B44-43B4-80C8-E7FC45632579}
		{224F23F1-5436-4CB9-AD6D-B2502BC9E9B0} = {8DD2FFD1-5B44-43B4-80C8-E7FC45632579}
		{DF40CEC0-2DBC-41DB-9221-D6830D361A5A} = {8DD2FFD1-5B44-43B4-80C8-E7FC45632579}
		{483AC325-3F99-4A6D-9FC4-D6CCF172AD81} = {8DD2FFD1-5B44-43B4-80C8-E7FC45632579}
		{AE9810DD-99BA-48ED-833C-E565BA0599C8} = {8DD2FFD1-5B44-43B4-80C8-E7FC45632579}
	EndGlobalSection
	GlobalSection(ExtensibilityGlobals) = postSolution
		SolutionGuid = {A6E12EB8-79A9-4817-A665-365FC913E063}
	EndGlobalSection
EndGlobal
